// !$*UTF8*$!
{
	archiveVersion = 1;
	classes = {
	};
	objectVersion = 46;
	objects = {

/* Begin PBXBuildFile section */
		C0486B1314EC76FA00C2FED3 /* UIKit.framework in Frameworks */ = {isa = PBXBuildFile; fileRef = C0486B1214EC76FA00C2FED3 /* UIKit.framework */; };
		C0486B1514EC76FA00C2FED3 /* Foundation.framework in Frameworks */ = {isa = PBXBuildFile; fileRef = C0486B1414EC76FA00C2FED3 /* Foundation.framework */; };
		C0486B1714EC76FA00C2FED3 /* CoreGraphics.framework in Frameworks */ = {isa = PBXBuildFile; fileRef = C0486B1614EC76FA00C2FED3 /* CoreGraphics.framework */; };
		C0486B1D14EC76FA00C2FED3 /* InfoPlist.strings in Resources */ = {isa = PBXBuildFile; fileRef = C0486B1B14EC76FA00C2FED3 /* InfoPlist.strings */; };
		C0486B1F14EC76FA00C2FED3 /* main.m in Sources */ = {isa = PBXBuildFile; fileRef = C0486B1E14EC76FA00C2FED3 /* main.m */; };
		C0486B2314EC76FA00C2FED3 /* ecs189AppDelegate.m in Sources */ = {isa = PBXBuildFile; fileRef = C0486B2214EC76FA00C2FED3 /* ecs189AppDelegate.m */; };
		C0486B2614EC76FA00C2FED3 /* MainStoryboard.storyboard in Resources */ = {isa = PBXBuildFile; fileRef = C0486B2414EC76FA00C2FED3 /* MainStoryboard.storyboard */; };
		C0486B2914EC76FA00C2FED3 /* ecs189ViewController.m in Sources */ = {isa = PBXBuildFile; fileRef = C0486B2814EC76FA00C2FED3 /* ecs189ViewController.m */; };
/* End PBXBuildFile section */

/* Begin PBXFileReference section */
		C0486B0E14EC76FA00C2FED3 /* ECS189H Drawing Application.app */ = {isa = PBXFileReference; explicitFileType = wrapper.application; includeInIndex = 0; path = "ECS189H Drawing Application.app"; sourceTree = BUILT_PRODUCTS_DIR; };
		C0486B1214EC76FA00C2FED3 /* UIKit.framework */ = {isa = PBXFileReference; lastKnownFileType = wrapper.framework; name = UIKit.framework; path = System/Library/Frameworks/UIKit.framework; sourceTree = SDKROOT; };
		C0486B1414EC76FA00C2FED3 /* Foundation.framework */ = {isa = PBXFileReference; lastKnownFileType = wrapper.framework; name = Foundation.framework; path = System/Library/Frameworks/Foundation.framework; sourceTree = SDKROOT; };
		C0486B1614EC76FA00C2FED3 /* CoreGraphics.framework */ = {isa = PBXFileReference; lastKnownFileType = wrapper.framework; name = CoreGraphics.framework; path = System/Library/Frameworks/CoreGraphics.framework; sourceTree = SDKROOT; };
		C0486B1A14EC76FA00C2FED3 /* ECS189H Drawing Application-Info.plist */ = {isa = PBXFileReference; path = "ECS189H Drawing Application-Info.plist"; sourceTree = "<group>"; };
		C0486B1C14EC76FA00C2FED3 /* en */ = {isa = PBXFileReference; lastKnownFileType = text.plist.strings; name = en; path = en.lproj/InfoPlist.strings; sourceTree = "<group>"; };
		C0486B1E14EC76FA00C2FED3 /* main.m */ = {isa = PBXFileReference; lastKnownFileType = sourcecode.c.objc; path = main.m; sourceTree = "<group>"; };
		C0486B2014EC76FA00C2FED3 /* ECS189H Drawing Application-Prefix.pch */ = {isa = PBXFileReference; path = "ECS189H Drawing Application-Prefix.pch"; sourceTree = "<group>"; };
		C0486B2114EC76FA00C2FED3 /* ecs189AppDelegate.h */ = {isa = PBXFileReference; path = ecs189AppDelegate.h; sourceTree = "<group>"; };
		C0486B2214EC76FA00C2FED3 /* ecs189AppDelegate.m */ = {isa = PBXFileReference; lastKnownFileType = sourcecode.c.objc; path = ecs189AppDelegate.m; sourceTree = "<group>"; };
		C0486B2514EC76FA00C2FED3 /* en */ = {isa = PBXFileReference; lastKnownFileType = file.storyboard; name = en; path = en.lproj/MainStoryboard.storyboard; sourceTree = "<group>"; };
		C0486B2714EC76FA00C2FED3 /* ecs189ViewController.h */ = {isa = PBXFileReference; path = ecs189ViewController.h; sourceTree = "<group>"; };
		C0486B2814EC76FA00C2FED3 /* ecs189ViewController.m */ = {isa = PBXFileReference; lastKnownFileType = sourcecode.c.objc; path = ecs189ViewController.m; sourceTree = "<group>"; };
/* End PBXFileReference section */

/* Begin PBXFrameworksBuildPhase section */
		C0486B0B14EC76FA00C2FED3 /* Frameworks */ = {
			isa = PBXFrameworksBuildPhase;
			buildActionMask = 2147483647;
			files = (
				C0486B1314EC76FA00C2FED3 /* UIKit.framework in Frameworks */,
				C0486B1514EC76FA00C2FED3 /* Foundation.framework in Frameworks */,
				C0486B1714EC76FA00C2FED3 /* CoreGraphics.framework in Frameworks */,
			);
			runOnlyForDeploymentPostprocessing = 0;
		};
/* End PBXFrameworksBuildPhase section */

/* Begin PBXGroup section */
		C0486B0314EC76FA00C2FED3 = {
			isa = PBXGroup;
			children = (
				C0486B1814EC76FA00C2FED3 /* ECS189H Drawing Application */,
				C0486B1114EC76FA00C2FED3 /* Frameworks */,
				C0486B0F14EC76FA00C2FED3 /* Products */,
			);
			sourceTree = "<group>";
		};
		C0486B0F14EC76FA00C2FED3 /* Products */ = {
			isa = PBXGroup;
			children = (
				C0486B0E14EC76FA00C2FED3 /* ECS189H Drawing Application.app */,
			);
			name = Products;
			sourceTree = "<group>";
		};
		C0486B1114EC76FA00C2FED3 /* Frameworks */ = {
			isa = PBXGroup;
			children = (
				C0486B1214EC76FA00C2FED3 /* UIKit.framework */,
				C0486B1414EC76FA00C2FED3 /* Foundation.framework */,
				C0486B1614EC76FA00C2FED3 /* CoreGraphics.framework */,
			);
			name = Frameworks;
			sourceTree = "<group>";
		};
		C0486B1814EC76FA00C2FED3 /* ECS189H Drawing Application */ = {
			isa = PBXGroup;
			children = (
				C0486B2114EC76FA00C2FED3 /* ecs189AppDelegate.h */,
				C0486B2214EC76FA00C2FED3 /* ecs189AppDelegate.m */,
				C0486B2414EC76FA00C2FED3 /* MainStoryboard.storyboard */,
				C0486B2714EC76FA00C2FED3 /* ecs189ViewController.h */,
				C0486B2814EC76FA00C2FED3 /* ecs189ViewController.m */,
				C0486B1914EC76FA00C2FED3 /* Supporting Files */,
			);
			path = "ECS189H Drawing Application";
			sourceTree = "<group>";
		};
		C0486B1914EC76FA00C2FED3 /* Supporting Files */ = {
			isa = PBXGroup;
			children = (
				C0486B1A14EC76FA00C2FED3 /* ECS189H Drawing Application-Info.plist */,
				C0486B1B14EC76FA00C2FED3 /* InfoPlist.strings */,
				C0486B1E14EC76FA00C2FED3 /* main.m */,
				C0486B2014EC76FA00C2FED3 /* ECS189H Drawing Application-Prefix.pch */,
			);
			name = "Supporting Files";
			sourceTree = "<group>";
		};
/* End PBXGroup section */

/* Begin PBXNativeTarget section */
		C0486B0D14EC76FA00C2FED3 /* ECS189H Drawing Application */ = {
			isa = PBXNativeTarget;
			buildConfigurationList = C0486B2C14EC76FA00C2FED3 /* Build configuration list for PBXNativeTarget "ECS189H Drawing Application" */;
			buildPhases = (
				C0486B0A14EC76FA00C2FED3 /* Sources */,
				C0486B0B14EC76FA00C2FED3 /* Frameworks */,
				C0486B0C14EC76FA00C2FED3 /* Resources */,
			);
			buildRules = (
			);
			dependencies = (
			);
			name = "ECS189H Drawing Application";
			productName = "ECS189H Drawing Application";
			productReference = C0486B0E14EC76FA00C2FED3 /* ECS189H Drawing Application.app */;
			productType = "com.apple.product-type.application";
		};
/* End PBXNativeTarget section */

/* Begin PBXProject section */
		C0486B0514EC76FA00C2FED3 /* Project object */ = {
			isa = PBXProject;
			attributes = {
				LastUpgradeCheck = 0420;
				ORGANIZATIONNAME = "UC Davis";
			};
			buildConfigurationList = C0486B0814EC76FA00C2FED3 /* Build configuration list for PBXProject "ECS189H Drawing Application" */;
			compatibilityVersion = "Xcode 3.2";
			developmentRegion = English;
			hasScannedForEncodings = 0;
			knownRegions = (
				en,
			);
			mainGroup = C0486B0314EC76FA00C2FED3;
			productRefGroup = C0486B0F14EC76FA00C2FED3 /* Products */;
			projectDirPath = "";
			projectRoot = "";
			targets = (
				C0486B0D14EC76FA00C2FED3 /* ECS189H Drawing Application */,
			);
		};
/* End PBXProject section */

/* Begin PBXResourcesBuildPhase section */
		C0486B0C14EC76FA00C2FED3 /* Resources */ = {
			isa = PBXResourcesBuildPhase;
			buildActionMask = 2147483647;
			files = (
				C0486B1D14EC76FA00C2FED3 /* InfoPlist.strings in Resources */,
				C0486B2614EC76FA00C2FED3 /* MainStoryboard.storyboard in Resources */,
			);
			runOnlyForDeploymentPostprocessing = 0;
		};
/* End PBXResourcesBuildPhase section */

/* Begin PBXSourcesBuildPhase section */
		C0486B0A14EC76FA00C2FED3 /* Sources */ = {
			isa = PBXSourcesBuildPhase;
			buildActionMask = 2147483647;
			files = (
				C0486B1F14EC76FA00C2FED3 /* main.m in Sources */,
				C0486B2314EC76FA00C2FED3 /* ecs189AppDelegate.m in Sources */,
				C0486B2914EC76FA00C2FED3 /* ecs189ViewController.m in Sources */,
			);
			runOnlyForDeploymentPostprocessing = 0;
		};
/* End PBXSourcesBuildPhase section */

/* Begin PBXVariantGroup section */
		C0486B1B14EC76FA00C2FED3 /* InfoPlist.strings */ = {
			isa = PBXVariantGroup;
			children = (
				C0486B1C14EC76FA00C2FED3 /* en */,
			);
			name = InfoPlist.strings;
			sourceTree = "<group>";
		};
		C0486B2414EC76FA00C2FED3 /* MainStoryboard.storyboard */ = {
			isa = PBXVariantGroup;
			children = (
				C0486B2514EC76FA00C2FED3 /* en */,
			);
			name = MainStoryboard.storyboard;
			sourceTree = "<group>";
		};
/* End PBXVariantGroup section */

/* Begin XCBuildConfiguration section */
		C0486B2A14EC76FA00C2FED3 /* Debug */ = {
			isa = XCBuildConfiguration;
			buildSettings = {
				ALWAYS_SEARCH_USER_PATHS = NO;
				ARCHS = "$(ARCHS_STANDARD_32_BIT)";
				CLANG_ENABLE_OBJC_ARC = YES;
				"CODE_SIGN_IDENTITY[sdk=iphoneos*]" = "iPhone Developer";
				COPY_PHASE_STRIP = NO;
				GCC_C_LANGUAGE_STANDARD = gnu99;
				GCC_DYNAMIC_NO_PIC = NO;
				GCC_OPTIMIZATION_LEVEL = 0;
				GCC_PREPROCESSOR_DEFINITIONS = (
					"DEBUG=1",
					"$(inherited)",
				);
				GCC_SYMBOLS_PRIVATE_EXTERN = NO;
				GCC_VERSION = com.apple.compilers.llvm.clang.1_0;
				GCC_WARN_ABOUT_MISSING_PROTOTYPES = YES;
				GCC_WARN_ABOUT_RETURN_TYPE = YES;
				GCC_WARN_UNUSED_VARIABLE = YES;
				IPHONEOS_DEPLOYMENT_TARGET = 5.0;
				SDKROOT = iphoneos;
			};
			name = Debug;
		};
		C0486B2B14EC76FA00C2FED3 /* Release */ = {
			isa = XCBuildConfiguration;
			buildSettings = {
				ALWAYS_SEARCH_USER_PATHS = NO;
				ARCHS = "$(ARCHS_STANDARD_32_BIT)";
				CLANG_ENABLE_OBJC_ARC = YES;
				"CODE_SIGN_IDENTITY[sdk=iphoneos*]" = "iPhone Developer";
				COPY_PHASE_STRIP = YES;
				GCC_C_LANGUAGE_STANDARD = gnu99;
				GCC_VERSION = com.apple.compilers.llvm.clang.1_0;
				GCC_WARN_ABOUT_MISSING_PROTOTYPES = YES;
				GCC_WARN_ABOUT_RETURN_TYPE = YES;
				GCC_WARN_UNUSED_VARIABLE = YES;
				IPHONEOS_DEPLOYMENT_TARGET = 5.0;
				OTHER_CFLAGS = "-DNS_BLOCK_ASSERTIONS=1";
				SDKROOT = iphoneos;
				VALIDATE_PRODUCT = YES;
			};
			name = Release;
		};
		C0486B2D14EC76FA00C2FED3 /* Debug */ = {
			isa = XCBuildConfiguration;
			buildSettings = {
				GCC_PRECOMPILE_PREFIX_HEADER = YES;
				GCC_PREFIX_HEADER = "ECS189H Drawing Application/ECS189H Drawing Application-Prefix.pch";
				INFOPLIST_FILE = "ECS189H Drawing Application/ECS189H Drawing Application-Info.plist";
				PRODUCT_NAME = "$(TARGET_NAME)";
				WRAPPER_EXTENSION = app;
			};
			name = Debug;
		};
		C0486B2E14EC76FA00C2FED3 /* Release */ = {
			isa = XCBuildConfiguration;
			buildSettings = {
				GCC_PRECOMPILE_PREFIX_HEADER = YES;
				GCC_PREFIX_HEADER = "ECS189H Drawing Application/ECS189H Drawing Application-Prefix.pch";
				INFOPLIST_FILE = "ECS189H Drawing Application/ECS189H Drawing Application-Info.plist";
				PRODUCT_NAME = "$(TARGET_NAME)";
				WRAPPER_EXTENSION = app;
			};
			name = Release;
		};
/* End XCBuildConfiguration section */

/* Begin XCConfigurationList section */
		C0486B0814EC76FA00C2FED3 /* Build configuration list for PBXProject "ECS189H Drawing Application" */ = {
			isa = XCConfigurationList;
			buildConfigurations = (
				C0486B2A14EC76FA00C2FED3 /* Debug */,
				C0486B2B14EC76FA00C2FED3 /* Release */,
			);
			defaultConfigurationIsVisible = 0;
			defaultConfigurationName = Release;
		};
		C0486B2C14EC76FA00C2FED3 /* Build configuration list for PBXNativeTarget "ECS189H Drawing Application" */ = {
			isa = XCConfigurationList;
			buildConfigurations = (
				C0486B2D14EC76FA00C2FED3 /* Debug */,
				C0486B2E14EC76FA00C2FED3 /* Release */,
			);
			defaultConfigurationIsVisible = 0;
		};
/* End XCConfigurationList section */
	};
	rootObject = C0486B0514EC76FA00C2FED3 /* Project object */;
}
