// !$*UTF8*$!
{
	archiveVersion = 1;
	classes = {
	};
	objectVersion = 46;
	objects = {

/* Begin PBXBuildFile section */
		C04ACC5015326EA3005B9A34 /* UIKit.framework in Frameworks */ = {isa = PBXBuildFile; fileRef = C04ACC4F15326EA3005B9A34 /* UIKit.framework */; };
		C04ACC5215326EA3005B9A34 /* Foundation.framework in Frameworks */ = {isa = PBXBuildFile; fileRef = C04ACC5115326EA3005B9A34 /* Foundation.framework */; };
		C04ACC5415326EA3005B9A34 /* CoreGraphics.framework in Frameworks */ = {isa = PBXBuildFile; fileRef = C04ACC5315326EA3005B9A34 /* CoreGraphics.framework */; };
		C04ACC5A15326EA3005B9A34 /* InfoPlist.strings in Resources */ = {isa = PBXBuildFile; fileRef = C04ACC5815326EA3005B9A34 /* InfoPlist.strings */; };
		C04ACC5C15326EA3005B9A34 /* main.m in Sources */ = {isa = PBXBuildFile; fileRef = C04ACC5B15326EA3005B9A34 /* main.m */; };
		C04ACC6015326EA4005B9A34 /* snappaAppDelegate.m in Sources */ = {isa = PBXBuildFile; fileRef = C04ACC5F15326EA4005B9A34 /* snappaAppDelegate.m */; };
		C04ACC6315326EA4005B9A34 /* MainStoryboard.storyboard in Resources */ = {isa = PBXBuildFile; fileRef = C04ACC6115326EA4005B9A34 /* MainStoryboard.storyboard */; };
		C04ACC6615326EA4005B9A34 /* snappaViewController.m in Sources */ = {isa = PBXBuildFile; fileRef = C04ACC6515326EA4005B9A34 /* snappaViewController.m */; };
		C04ACC6E15326EA4005B9A34 /* SenTestingKit.framework in Frameworks */ = {isa = PBXBuildFile; fileRef = C04ACC6D15326EA4005B9A34 /* SenTestingKit.framework */; };
		C04ACC6F15326EA4005B9A34 /* UIKit.framework in Frameworks */ = {isa = PBXBuildFile; fileRef = C04ACC4F15326EA3005B9A34 /* UIKit.framework */; };
		C04ACC7015326EA4005B9A34 /* Foundation.framework in Frameworks */ = {isa = PBXBuildFile; fileRef = C04ACC5115326EA3005B9A34 /* Foundation.framework */; };
		C04ACC7815326EA4005B9A34 /* InfoPlist.strings in Resources */ = {isa = PBXBuildFile; fileRef = C04ACC7615326EA4005B9A34 /* InfoPlist.strings */; };
		C04ACC7B15326EA4005B9A34 /* Snappa_StatsTests.m in Sources */ = {isa = PBXBuildFile; fileRef = C04ACC7A15326EA4005B9A34 /* Snappa_StatsTests.m */; };
/* End PBXBuildFile section */

/* Begin PBXContainerItemProxy section */
		C04ACC7115326EA4005B9A34 /* PBXContainerItemProxy */ = {
			isa = PBXContainerItemProxy;
			containerPortal = C04ACC4215326EA3005B9A34 /* Project object */;
			proxyType = 1;
			remoteGlobalIDString = C04ACC4A15326EA3005B9A34;
			remoteInfo = "Snappa Stats";
		};
/* End PBXContainerItemProxy section */

/* Begin PBXFileReference section */
		C04ACC4B15326EA3005B9A34 /* Snappa Stats.app */ = {isa = PBXFileReference; explicitFileType = wrapper.application; includeInIndex = 0; path = "Snappa Stats.app"; sourceTree = BUILT_PRODUCTS_DIR; };
		C04ACC4F15326EA3005B9A34 /* UIKit.framework */ = {isa = PBXFileReference; lastKnownFileType = wrapper.framework; name = UIKit.framework; path = System/Library/Frameworks/UIKit.framework; sourceTree = SDKROOT; };
		C04ACC5115326EA3005B9A34 /* Foundation.framework */ = {isa = PBXFileReference; lastKnownFileType = wrapper.framework; name = Foundation.framework; path = System/Library/Frameworks/Foundation.framework; sourceTree = SDKROOT; };
		C04ACC5315326EA3005B9A34 /* CoreGraphics.framework */ = {isa = PBXFileReference; lastKnownFileType = wrapper.framework; name = CoreGraphics.framework; path = System/Library/Frameworks/CoreGraphics.framework; sourceTree = SDKROOT; };
		C04ACC5715326EA3005B9A34 /* Snappa Stats-Info.plist */ = {isa = PBXFileReference; path = "Snappa Stats-Info.plist"; sourceTree = "<group>"; };
		C04ACC5915326EA3005B9A34 /* en */ = {isa = PBXFileReference; lastKnownFileType = text.plist.strings; name = en; path = en.lproj/InfoPlist.strings; sourceTree = "<group>"; };
		C04ACC5B15326EA3005B9A34 /* main.m */ = {isa = PBXFileReference; lastKnownFileType = sourcecode.c.objc; path = main.m; sourceTree = "<group>"; };
		C04ACC5D15326EA3005B9A34 /* Snappa Stats-Prefix.pch */ = {isa = PBXFileReference; path = "Snappa Stats-Prefix.pch"; sourceTree = "<group>"; };
		C04ACC5E15326EA4005B9A34 /* snappaAppDelegate.h */ = {isa = PBXFileReference; path = snappaAppDelegate.h; sourceTree = "<group>"; };
		C04ACC5F15326EA4005B9A34 /* snappaAppDelegate.m */ = {isa = PBXFileReference; lastKnownFileType = sourcecode.c.objc; path = snappaAppDelegate.m; sourceTree = "<group>"; };
		C04ACC6215326EA4005B9A34 /* en */ = {isa = PBXFileReference; lastKnownFileType = file.storyboard; name = en; path = en.lproj/MainStoryboard.storyboard; sourceTree = "<group>"; };
		C04ACC6415326EA4005B9A34 /* snappaViewController.h */ = {isa = PBXFileReference; path = snappaViewController.h; sourceTree = "<group>"; };
		C04ACC6515326EA4005B9A34 /* snappaViewController.m */ = {isa = PBXFileReference; lastKnownFileType = sourcecode.c.objc; path = snappaViewController.m; sourceTree = "<group>"; };
		C04ACC6C15326EA4005B9A34 /* Snappa StatsTests.octest */ = {isa = PBXFileReference; explicitFileType = wrapper.cfbundle; includeInIndex = 0; path = "Snappa StatsTests.octest"; sourceTree = BUILT_PRODUCTS_DIR; };
		C04ACC6D15326EA4005B9A34 /* SenTestingKit.framework */ = {isa = PBXFileReference; lastKnownFileType = wrapper.framework; name = SenTestingKit.framework; path = Library/Frameworks/SenTestingKit.framework; sourceTree = DEVELOPER_DIR; };
		C04ACC7515326EA4005B9A34 /* Snappa StatsTests-Info.plist */ = {isa = PBXFileReference; path = "Snappa StatsTests-Info.plist"; sourceTree = "<group>"; };
		C04ACC7715326EA4005B9A34 /* en */ = {isa = PBXFileReference; lastKnownFileType = text.plist.strings; name = en; path = en.lproj/InfoPlist.strings; sourceTree = "<group>"; };
		C04ACC7915326EA4005B9A34 /* Snappa_StatsTests.h */ = {isa = PBXFileReference; path = Snappa_StatsTests.h; sourceTree = "<group>"; };
		C04ACC7A15326EA4005B9A34 /* Snappa_StatsTests.m */ = {isa = PBXFileReference; lastKnownFileType = sourcecode.c.objc; path = Snappa_StatsTests.m; sourceTree = "<group>"; };
/* End PBXFileReference section */

/* Begin PBXFrameworksBuildPhase section */
		C04ACC4815326EA3005B9A34 /* Frameworks */ = {
			isa = PBXFrameworksBuildPhase;
			buildActionMask = 2147483647;
			files = (
				C04ACC5015326EA3005B9A34 /* UIKit.framework in Frameworks */,
				C04ACC5215326EA3005B9A34 /* Foundation.framework in Frameworks */,
				C04ACC5415326EA3005B9A34 /* CoreGraphics.framework in Frameworks */,
			);
			runOnlyForDeploymentPostprocessing = 0;
		};
		C04ACC6815326EA4005B9A34 /* Frameworks */ = {
			isa = PBXFrameworksBuildPhase;
			buildActionMask = 2147483647;
			files = (
				C04ACC6E15326EA4005B9A34 /* SenTestingKit.framework in Frameworks */,
				C04ACC6F15326EA4005B9A34 /* UIKit.framework in Frameworks */,
				C04ACC7015326EA4005B9A34 /* Foundation.framework in Frameworks */,
			);
			runOnlyForDeploymentPostprocessing = 0;
		};
/* End PBXFrameworksBuildPhase section */

/* Begin PBXGroup section */
		C04ACC4015326EA3005B9A34 = {
			isa = PBXGroup;
			children = (
				C04ACC5515326EA3005B9A34 /* Snappa Stats */,
				C04ACC7315326EA4005B9A34 /* Snappa StatsTests */,
				C04ACC4E15326EA3005B9A34 /* Frameworks */,
				C04ACC4C15326EA3005B9A34 /* Products */,
			);
			sourceTree = "<group>";
		};
		C04ACC4C15326EA3005B9A34 /* Products */ = {
			isa = PBXGroup;
			children = (
				C04ACC4B15326EA3005B9A34 /* Snappa Stats.app */,
				C04ACC6C15326EA4005B9A34 /* Snappa StatsTests.octest */,
			);
			name = Products;
			sourceTree = "<group>";
		};
		C04ACC4E15326EA3005B9A34 /* Frameworks */ = {
			isa = PBXGroup;
			children = (
				C04ACC4F15326EA3005B9A34 /* UIKit.framework */,
				C04ACC5115326EA3005B9A34 /* Foundation.framework */,
				C04ACC5315326EA3005B9A34 /* CoreGraphics.framework */,
				C04ACC6D15326EA4005B9A34 /* SenTestingKit.framework */,
			);
			name = Frameworks;
			sourceTree = "<group>";
		};
		C04ACC5515326EA3005B9A34 /* Snappa Stats */ = {
			isa = PBXGroup;
			children = (
				C04ACC5E15326EA4005B9A34 /* snappaAppDelegate.h */,
				C04ACC5F15326EA4005B9A34 /* snappaAppDelegate.m */,
				C04ACC6115326EA4005B9A34 /* MainStoryboard.storyboard */,
				C04ACC6415326EA4005B9A34 /* snappaViewController.h */,
				C04ACC6515326EA4005B9A34 /* snappaViewController.m */,
				C04ACC5615326EA3005B9A34 /* Supporting Files */,
			);
			path = "Snappa Stats";
			sourceTree = "<group>";
		};
		C04ACC5615326EA3005B9A34 /* Supporting Files */ = {
			isa = PBXGroup;
			children = (
				C04ACC5715326EA3005B9A34 /* Snappa Stats-Info.plist */,
				C04ACC5815326EA3005B9A34 /* InfoPlist.strings */,
				C04ACC5B15326EA3005B9A34 /* main.m */,
				C04ACC5D15326EA3005B9A34 /* Snappa Stats-Prefix.pch */,
			);
			name = "Supporting Files";
			sourceTree = "<group>";
		};
		C04ACC7315326EA4005B9A34 /* Snappa StatsTests */ = {
			isa = PBXGroup;
			children = (
				C04ACC7915326EA4005B9A34 /* Snappa_StatsTests.h */,
				C04ACC7A15326EA4005B9A34 /* Snappa_StatsTests.m */,
				C04ACC7415326EA4005B9A34 /* Supporting Files */,
			);
			path = "Snappa StatsTests";
			sourceTree = "<group>";
		};
		C04ACC7415326EA4005B9A34 /* Supporting Files */ = {
			isa = PBXGroup;
			children = (
				C04ACC7515326EA4005B9A34 /* Snappa StatsTests-Info.plist */,
				C04ACC7615326EA4005B9A34 /* InfoPlist.strings */,
			);
			name = "Supporting Files";
			sourceTree = "<group>";
		};
/* End PBXGroup section */

/* Begin PBXNativeTarget section */
		C04ACC4A15326EA3005B9A34 /* Snappa Stats */ = {
			isa = PBXNativeTarget;
			buildConfigurationList = C04ACC7E15326EA4005B9A34 /* Build configuration list for PBXNativeTarget "Snappa Stats" */;
			buildPhases = (
				C04ACC4715326EA3005B9A34 /* Sources */,
				C04ACC4815326EA3005B9A34 /* Frameworks */,
				C04ACC4915326EA3005B9A34 /* Resources */,
			);
			buildRules = (
			);
			dependencies = (
			);
			name = "Snappa Stats";
			productName = "Snappa Stats";
			productReference = C04ACC4B15326EA3005B9A34 /* Snappa Stats.app */;
			productType = "com.apple.product-type.application";
		};
		C04ACC6B15326EA4005B9A34 /* Snappa StatsTests */ = {
			isa = PBXNativeTarget;
			buildConfigurationList = C04ACC8115326EA4005B9A34 /* Build configuration list for PBXNativeTarget "Snappa StatsTests" */;
			buildPhases = (
				C04ACC6715326EA4005B9A34 /* Sources */,
				C04ACC6815326EA4005B9A34 /* Frameworks */,
				C04ACC6915326EA4005B9A34 /* Resources */,
				C04ACC6A15326EA4005B9A34 /* ShellScript */,
			);
			buildRules = (
			);
			dependencies = (
				C04ACC7215326EA4005B9A34 /* PBXTargetDependency */,
			);
			name = "Snappa StatsTests";
			productName = "Snappa StatsTests";
			productReference = C04ACC6C15326EA4005B9A34 /* Snappa StatsTests.octest */;
			productType = "com.apple.product-type.bundle";
		};
/* End PBXNativeTarget section */

/* Begin PBXProject section */
		C04ACC4215326EA3005B9A34 /* Project object */ = {
			isa = PBXProject;
			attributes = {
				LastUpgradeCheck = 0420;
				ORGANIZATIONNAME = "UC Davis";
			};
			buildConfigurationList = C04ACC4515326EA3005B9A34 /* Build configuration list for PBXProject "Snappa Stats" */;
			compatibilityVersion = "Xcode 3.2";
			developmentRegion = English;
			hasScannedForEncodings = 0;
			knownRegions = (
				en,
			);
			mainGroup = C04ACC4015326EA3005B9A34;
			productRefGroup = C04ACC4C15326EA3005B9A34 /* Products */;
			projectDirPath = "";
			projectRoot = "";
			targets = (
				C04ACC4A15326EA3005B9A34 /* Snappa Stats */,
				C04ACC6B15326EA4005B9A34 /* Snappa StatsTests */,
			);
		};
/* End PBXProject section */

/* Begin PBXResourcesBuildPhase section */
		C04ACC4915326EA3005B9A34 /* Resources */ = {
			isa = PBXResourcesBuildPhase;
			buildActionMask = 2147483647;
			files = (
				C04ACC5A15326EA3005B9A34 /* InfoPlist.strings in Resources */,
				C04ACC6315326EA4005B9A34 /* MainStoryboard.storyboard in Resources */,
			);
			runOnlyForDeploymentPostprocessing = 0;
		};
		C04ACC6915326EA4005B9A34 /* Resources */ = {
			isa = PBXResourcesBuildPhase;
			buildActionMask = 2147483647;
			files = (
				C04ACC7815326EA4005B9A34 /* InfoPlist.strings in Resources */,
			);
			runOnlyForDeploymentPostprocessing = 0;
		};
/* End PBXResourcesBuildPhase section */

/* Begin PBXShellScriptBuildPhase section */
		C04ACC6A15326EA4005B9A34 /* ShellScript */ = {
			isa = PBXShellScriptBuildPhase;
			buildActionMask = 2147483647;
			files = (
			);
			inputPaths = (
			);
			outputPaths = (
			);
			runOnlyForDeploymentPostprocessing = 0;
			shellPath = /bin/sh;
			shellScript = "# Run the unit tests in this test bundle.\n\"${SYSTEM_DEVELOPER_DIR}/Tools/RunUnitTests\"\n";
		};
/* End PBXShellScriptBuildPhase section */

/* Begin PBXSourcesBuildPhase section */
		C04ACC4715326EA3005B9A34 /* Sources */ = {
			isa = PBXSourcesBuildPhase;
			buildActionMask = 2147483647;
			files = (
				C04ACC5C15326EA3005B9A34 /* main.m in Sources */,
				C04ACC6015326EA4005B9A34 /* snappaAppDelegate.m in Sources */,
				C04ACC6615326EA4005B9A34 /* snappaViewController.m in Sources */,
			);
			runOnlyForDeploymentPostprocessing = 0;
		};
		C04ACC6715326EA4005B9A34 /* Sources */ = {
			isa = PBXSourcesBuildPhase;
			buildActionMask = 2147483647;
			files = (
				C04ACC7B15326EA4005B9A34 /* Snappa_StatsTests.m in Sources */,
			);
			runOnlyForDeploymentPostprocessing = 0;
		};
/* End PBXSourcesBuildPhase section */

/* Begin PBXTargetDependency section */
		C04ACC7215326EA4005B9A34 /* PBXTargetDependency */ = {
			isa = PBXTargetDependency;
			target = C04ACC4A15326EA3005B9A34 /* Snappa Stats */;
			targetProxy = C04ACC7115326EA4005B9A34 /* PBXContainerItemProxy */;
		};
/* End PBXTargetDependency section */

/* Begin PBXVariantGroup section */
		C04ACC5815326EA3005B9A34 /* InfoPlist.strings */ = {
			isa = PBXVariantGroup;
			children = (
				C04ACC5915326EA3005B9A34 /* en */,
			);
			name = InfoPlist.strings;
			sourceTree = "<group>";
		};
		C04ACC6115326EA4005B9A34 /* MainStoryboard.storyboard */ = {
			isa = PBXVariantGroup;
			children = (
				C04ACC6215326EA4005B9A34 /* en */,
			);
			name = MainStoryboard.storyboard;
			sourceTree = "<group>";
		};
		C04ACC7615326EA4005B9A34 /* InfoPlist.strings */ = {
			isa = PBXVariantGroup;
			children = (
				C04ACC7715326EA4005B9A34 /* en */,
			);
			name = InfoPlist.strings;
			sourceTree = "<group>";
		};
/* End PBXVariantGroup section */

/* Begin XCBuildConfiguration section */
		C04ACC7C15326EA4005B9A34 /* Debug */ = {
			isa = XCBuildConfiguration;
			buildSettings = {
				ALWAYS_SEARCH_USER_PATHS = NO;
				ARCHS = "$(ARCHS_STANDARD_32_BIT)";
				CLANG_ENABLE_OBJC_ARC = YES;
				"CODE_SIGN_IDENTITY[sdk=iphoneos*]" = "iPhone Developer";
				COPY_PHASE_STRIP = NO;
				GCC_C_LANGUAGE_STANDARD = gnu99;
				GCC_DYNAMIC_NO_PIC = NO;
				GCC_OPTIMIZATION_LEVEL = 0;
				GCC_PREPROCESSOR_DEFINITIONS = (
					"DEBUG=1",
					"$(inherited)",
				);
				GCC_SYMBOLS_PRIVATE_EXTERN = NO;
				GCC_VERSION = com.apple.compilers.llvm.clang.1_0;
				GCC_WARN_ABOUT_MISSING_PROTOTYPES = YES;
				GCC_WARN_ABOUT_RETURN_TYPE = YES;
				GCC_WARN_UNUSED_VARIABLE = YES;
				IPHONEOS_DEPLOYMENT_TARGET = 5.0;
				SDKROOT = iphoneos;
			};
			name = Debug;
		};
		C04ACC7D15326EA4005B9A34 /* Release */ = {
			isa = XCBuildConfiguration;
			buildSettings = {
				ALWAYS_SEARCH_USER_PATHS = NO;
				ARCHS = "$(ARCHS_STANDARD_32_BIT)";
				CLANG_ENABLE_OBJC_ARC = YES;
				"CODE_SIGN_IDENTITY[sdk=iphoneos*]" = "iPhone Developer";
				COPY_PHASE_STRIP = YES;
				GCC_C_LANGUAGE_STANDARD = gnu99;
				GCC_VERSION = com.apple.compilers.llvm.clang.1_0;
				GCC_WARN_ABOUT_MISSING_PROTOTYPES = YES;
				GCC_WARN_ABOUT_RETURN_TYPE = YES;
				GCC_WARN_UNUSED_VARIABLE = YES;
				IPHONEOS_DEPLOYMENT_TARGET = 5.0;
				OTHER_CFLAGS = "-DNS_BLOCK_ASSERTIONS=1";
				SDKROOT = iphoneos;
				VALIDATE_PRODUCT = YES;
			};
			name = Release;
		};
		C04ACC7F15326EA4005B9A34 /* Debug */ = {
			isa = XCBuildConfiguration;
			buildSettings = {
				GCC_PRECOMPILE_PREFIX_HEADER = YES;
				GCC_PREFIX_HEADER = "Snappa Stats/Snappa Stats-Prefix.pch";
				INFOPLIST_FILE = "Snappa Stats/Snappa Stats-Info.plist";
				PRODUCT_NAME = "$(TARGET_NAME)";
				WRAPPER_EXTENSION = app;
			};
			name = Debug;
		};
		C04ACC8015326EA4005B9A34 /* Release */ = {
			isa = XCBuildConfiguration;
			buildSettings = {
				GCC_PRECOMPILE_PREFIX_HEADER = YES;
				GCC_PREFIX_HEADER = "Snappa Stats/Snappa Stats-Prefix.pch";
				INFOPLIST_FILE = "Snappa Stats/Snappa Stats-Info.plist";
				PRODUCT_NAME = "$(TARGET_NAME)";
				WRAPPER_EXTENSION = app;
			};
			name = Release;
		};
		C04ACC8215326EA4005B9A34 /* Debug */ = {
			isa = XCBuildConfiguration;
			buildSettings = {
				BUNDLE_LOADER = "$(BUILT_PRODUCTS_DIR)/Snappa Stats.app/Snappa Stats";
				FRAMEWORK_SEARCH_PATHS = (
					"$(SDKROOT)/Developer/Library/Frameworks",
					"$(DEVELOPER_LIBRARY_DIR)/Frameworks",
				);
				GCC_PRECOMPILE_PREFIX_HEADER = YES;
				GCC_PREFIX_HEADER = "Snappa Stats/Snappa Stats-Prefix.pch";
				INFOPLIST_FILE = "Snappa StatsTests/Snappa StatsTests-Info.plist";
				PRODUCT_NAME = "$(TARGET_NAME)";
				TEST_HOST = "$(BUNDLE_LOADER)";
				WRAPPER_EXTENSION = octest;
			};
			name = Debug;
		};
		C04ACC8315326EA4005B9A34 /* Release */ = {
			isa = XCBuildConfiguration;
			buildSettings = {
				BUNDLE_LOADER = "$(BUILT_PRODUCTS_DIR)/Snappa Stats.app/Snappa Stats";
				FRAMEWORK_SEARCH_PATHS = (
					"$(SDKROOT)/Developer/Library/Frameworks",
					"$(DEVELOPER_LIBRARY_DIR)/Frameworks",
				);
				GCC_PRECOMPILE_PREFIX_HEADER = YES;
				GCC_PREFIX_HEADER = "Snappa Stats/Snappa Stats-Prefix.pch";
				INFOPLIST_FILE = "Snappa StatsTests/Snappa StatsTests-Info.plist";
				PRODUCT_NAME = "$(TARGET_NAME)";
				TEST_HOST = "$(BUNDLE_LOADER)";
				WRAPPER_EXTENSION = octest;
			};
			name = Release;
		};
/* End XCBuildConfiguration section */

/* Begin XCConfigurationList section */
		C04ACC4515326EA3005B9A34 /* Build configuration list for PBXProject "Snappa Stats" */ = {
			isa = XCConfigurationList;
			buildConfigurations = (
				C04ACC7C15326EA4005B9A34 /* Debug */,
				C04ACC7D15326EA4005B9A34 /* Release */,
			);
			defaultConfigurationIsVisible = 0;
			defaultConfigurationName = Release;
		};
		C04ACC7E15326EA4005B9A34 /* Build configuration list for PBXNativeTarget "Snappa Stats" */ = {
			isa = XCConfigurationList;
			buildConfigurations = (
				C04ACC7F15326EA4005B9A34 /* Debug */,
				C04ACC8015326EA4005B9A34 /* Release */,
			);
			defaultConfigurationIsVisible = 0;
		};
		C04ACC8115326EA4005B9A34 /* Build configuration list for PBXNativeTarget "Snappa StatsTests" */ = {
			isa = XCConfigurationList;
			buildConfigurations = (
				C04ACC8215326EA4005B9A34 /* Debug */,
				C04ACC8315326EA4005B9A34 /* Release */,
			);
			defaultConfigurationIsVisible = 0;
		};
/* End XCConfigurationList section */
	};
	rootObject = C04ACC4215326EA3005B9A34 /* Project object */;
}
