// !$*UTF8*$!
{
	archiveVersion = 1;
	classes = {
	};
	objectVersion = 46;
	objects = {

/* Begin PBXBuildFile section */
		C077365F14D773710072B7B2 /* UIKit.framework in Frameworks */ = {isa = PBXBuildFile; fileRef = C077365E14D773710072B7B2 /* UIKit.framework */; };
		C077366114D773710072B7B2 /* Foundation.framework in Frameworks */ = {isa = PBXBuildFile; fileRef = C077366014D773710072B7B2 /* Foundation.framework */; };
		C077366314D773710072B7B2 /* CoreGraphics.framework in Frameworks */ = {isa = PBXBuildFile; fileRef = C077366214D773710072B7B2 /* CoreGraphics.framework */; };
		C077366914D773710072B7B2 /* InfoPlist.strings in Resources */ = {isa = PBXBuildFile; fileRef = C077366714D773710072B7B2 /* InfoPlist.strings */; };
		C077366B14D773710072B7B2 /* main.m in Sources */ = {isa = PBXBuildFile; fileRef = C077366A14D773710072B7B2 /* main.m */; };
		C077366F14D773710072B7B2 /* Button_FunAppDelegate.m in Sources */ = {isa = PBXBuildFile; fileRef = C077366E14D773710072B7B2 /* Button_FunAppDelegate.m */; };
		C077367214D773710072B7B2 /* MainWindow.xib in Resources */ = {isa = PBXBuildFile; fileRef = C077367014D773710072B7B2 /* MainWindow.xib */; };
		C077367514D773710072B7B2 /* Button_FunViewController.m in Sources */ = {isa = PBXBuildFile; fileRef = C077367414D773710072B7B2 /* Button_FunViewController.m */; };
		C077367814D773710072B7B2 /* Button_FunViewController.xib in Resources */ = {isa = PBXBuildFile; fileRef = C077367614D773710072B7B2 /* Button_FunViewController.xib */; };
/* End PBXBuildFile section */

/* Begin PBXFileReference section */
		C077365A14D773710072B7B2 /* Button Fun.app */ = {isa = PBXFileReference; explicitFileType = wrapper.application; includeInIndex = 0; path = "Button Fun.app"; sourceTree = BUILT_PRODUCTS_DIR; };
		C077365E14D773710072B7B2 /* UIKit.framework */ = {isa = PBXFileReference; lastKnownFileType = wrapper.framework; name = UIKit.framework; path = System/Library/Frameworks/UIKit.framework; sourceTree = SDKROOT; };
		C077366014D773710072B7B2 /* Foundation.framework */ = {isa = PBXFileReference; lastKnownFileType = wrapper.framework; name = Foundation.framework; path = System/Library/Frameworks/Foundation.framework; sourceTree = SDKROOT; };
		C077366214D773710072B7B2 /* CoreGraphics.framework */ = {isa = PBXFileReference; lastKnownFileType = wrapper.framework; name = CoreGraphics.framework; path = System/Library/Frameworks/CoreGraphics.framework; sourceTree = SDKROOT; };
		C077366614D773710072B7B2 /* Button Fun-Info.plist */ = {isa = PBXFileReference; path = "Button Fun-Info.plist"; sourceTree = "<group>"; };
		C077366814D773710072B7B2 /* en */ = {isa = PBXFileReference; lastKnownFileType = text.plist.strings; name = en; path = en.lproj/InfoPlist.strings; sourceTree = "<group>"; };
		C077366A14D773710072B7B2 /* main.m */ = {isa = PBXFileReference; lastKnownFileType = sourcecode.c.objc; path = main.m; sourceTree = "<group>"; };
		C077366C14D773710072B7B2 /* Button Fun-Prefix.pch */ = {isa = PBXFileReference; path = "Button Fun-Prefix.pch"; sourceTree = "<group>"; };
		C077366D14D773710072B7B2 /* Button_FunAppDelegate.h */ = {isa = PBXFileReference; path = Button_FunAppDelegate.h; sourceTree = "<group>"; };
		C077366E14D773710072B7B2 /* Button_FunAppDelegate.m */ = {isa = PBXFileReference; lastKnownFileType = sourcecode.c.objc; path = Button_FunAppDelegate.m; sourceTree = "<group>"; };
		C077367114D773710072B7B2 /* en */ = {isa = PBXFileReference; lastKnownFileType = file.xib; name = en; path = en.lproj/MainWindow.xib; sourceTree = "<group>"; };
		C077367314D773710072B7B2 /* Button_FunViewController.h */ = {isa = PBXFileReference; path = Button_FunViewController.h; sourceTree = "<group>"; };
		C077367414D773710072B7B2 /* Button_FunViewController.m */ = {isa = PBXFileReference; lastKnownFileType = sourcecode.c.objc; path = Button_FunViewController.m; sourceTree = "<group>"; };
		C077367714D773710072B7B2 /* en */ = {isa = PBXFileReference; lastKnownFileType = file.xib; name = en; path = en.lproj/Button_FunViewController.xib; sourceTree = "<group>"; };
/* End PBXFileReference section */

/* Begin PBXFrameworksBuildPhase section */
		C077365714D773710072B7B2 /* Frameworks */ = {
			isa = PBXFrameworksBuildPhase;
			buildActionMask = 2147483647;
			files = (
				C077365F14D773710072B7B2 /* UIKit.framework in Frameworks */,
				C077366114D773710072B7B2 /* Foundation.framework in Frameworks */,
				C077366314D773710072B7B2 /* CoreGraphics.framework in Frameworks */,
			);
			runOnlyForDeploymentPostprocessing = 0;
		};
/* End PBXFrameworksBuildPhase section */

/* Begin PBXGroup section */
		C077364F14D773710072B7B2 = {
			isa = PBXGroup;
			children = (
				C077366414D773710072B7B2 /* Button Fun */,
				C077365D14D773710072B7B2 /* Frameworks */,
				C077365B14D773710072B7B2 /* Products */,
			);
			sourceTree = "<group>";
		};
		C077365B14D773710072B7B2 /* Products */ = {
			isa = PBXGroup;
			children = (
				C077365A14D773710072B7B2 /* Button Fun.app */,
			);
			name = Products;
			sourceTree = "<group>";
		};
		C077365D14D773710072B7B2 /* Frameworks */ = {
			isa = PBXGroup;
			children = (
				C077365E14D773710072B7B2 /* UIKit.framework */,
				C077366014D773710072B7B2 /* Foundation.framework */,
				C077366214D773710072B7B2 /* CoreGraphics.framework */,
			);
			name = Frameworks;
			sourceTree = "<group>";
		};
		C077366414D773710072B7B2 /* Button Fun */ = {
			isa = PBXGroup;
			children = (
				C077366D14D773710072B7B2 /* Button_FunAppDelegate.h */,
				C077366E14D773710072B7B2 /* Button_FunAppDelegate.m */,
				C077367014D773710072B7B2 /* MainWindow.xib */,
				C077367314D773710072B7B2 /* Button_FunViewController.h */,
				C077367414D773710072B7B2 /* Button_FunViewController.m */,
				C077367614D773710072B7B2 /* Button_FunViewController.xib */,
				C077366514D773710072B7B2 /* Supporting Files */,
			);
			path = "Button Fun";
			sourceTree = "<group>";
		};
		C077366514D773710072B7B2 /* Supporting Files */ = {
			isa = PBXGroup;
			children = (
				C077366614D773710072B7B2 /* Button Fun-Info.plist */,
				C077366714D773710072B7B2 /* InfoPlist.strings */,
				C077366A14D773710072B7B2 /* main.m */,
				C077366C14D773710072B7B2 /* Button Fun-Prefix.pch */,
			);
			name = "Supporting Files";
			sourceTree = "<group>";
		};
/* End PBXGroup section */

/* Begin PBXNativeTarget section */
		C077365914D773710072B7B2 /* Button Fun */ = {
			isa = PBXNativeTarget;
			buildConfigurationList = C077367B14D773710072B7B2 /* Build configuration list for PBXNativeTarget "Button Fun" */;
			buildPhases = (
				C077365614D773710072B7B2 /* Sources */,
				C077365714D773710072B7B2 /* Frameworks */,
				C077365814D773710072B7B2 /* Resources */,
			);
			buildRules = (
			);
			dependencies = (
			);
			name = "Button Fun";
			productName = "Button Fun";
			productReference = C077365A14D773710072B7B2 /* Button Fun.app */;
			productType = "com.apple.product-type.application";
		};
/* End PBXNativeTarget section */

/* Begin PBXProject section */
		C077365114D773710072B7B2 /* Project object */ = {
			isa = PBXProject;
			attributes = {
				ORGANIZATIONNAME = "UC Davis";
			};
			buildConfigurationList = C077365414D773710072B7B2 /* Build configuration list for PBXProject "Button Fun" */;
			compatibilityVersion = "Xcode 3.2";
			developmentRegion = English;
			hasScannedForEncodings = 0;
			knownRegions = (
				en,
			);
			mainGroup = C077364F14D773710072B7B2;
			productRefGroup = C077365B14D773710072B7B2 /* Products */;
			projectDirPath = "";
			projectRoot = "";
			targets = (
				C077365914D773710072B7B2 /* Button Fun */,
			);
		};
/* End PBXProject section */

/* Begin PBXResourcesBuildPhase section */
		C077365814D773710072B7B2 /* Resources */ = {
			isa = PBXResourcesBuildPhase;
			buildActionMask = 2147483647;
			files = (
				C077366914D773710072B7B2 /* InfoPlist.strings in Resources */,
				C077367214D773710072B7B2 /* MainWindow.xib in Resources */,
				C077367814D773710072B7B2 /* Button_FunViewController.xib in Resources */,
			);
			runOnlyForDeploymentPostprocessing = 0;
		};
/* End PBXResourcesBuildPhase section */

/* Begin PBXSourcesBuildPhase section */
		C077365614D773710072B7B2 /* Sources */ = {
			isa = PBXSourcesBuildPhase;
			buildActionMask = 2147483647;
			files = (
				C077366B14D773710072B7B2 /* main.m in Sources */,
				C077366F14D773710072B7B2 /* Button_FunAppDelegate.m in Sources */,
				C077367514D773710072B7B2 /* Button_FunViewController.m in Sources */,
			);
			runOnlyForDeploymentPostprocessing = 0;
		};
/* End PBXSourcesBuildPhase section */

/* Begin PBXVariantGroup section */
		C077366714D773710072B7B2 /* InfoPlist.strings */ = {
			isa = PBXVariantGroup;
			children = (
				C077366814D773710072B7B2 /* en */,
			);
			name = InfoPlist.strings;
			sourceTree = "<group>";
		};
		C077367014D773710072B7B2 /* MainWindow.xib */ = {
			isa = PBXVariantGroup;
			children = (
				C077367114D773710072B7B2 /* en */,
			);
			name = MainWindow.xib;
			sourceTree = "<group>";
		};
		C077367614D773710072B7B2 /* Button_FunViewController.xib */ = {
			isa = PBXVariantGroup;
			children = (
				C077367714D773710072B7B2 /* en */,
			);
			name = Button_FunViewController.xib;
			sourceTree = "<group>";
		};
/* End PBXVariantGroup section */

/* Begin XCBuildConfiguration section */
		C077367914D773710072B7B2 /* Debug */ = {
			isa = XCBuildConfiguration;
			buildSettings = {
				ALWAYS_SEARCH_USER_PATHS = NO;
				ARCHS = "$(ARCHS_UNIVERSAL_IPHONE_OS)";
				"CODE_SIGN_IDENTITY[sdk=iphoneos*]" = "iPhone Developer";
				COPY_PHASE_STRIP = NO;
				GCC_C_LANGUAGE_STANDARD = gnu99;
				GCC_DYNAMIC_NO_PIC = NO;
				GCC_OPTIMIZATION_LEVEL = 0;
				GCC_PREPROCESSOR_DEFINITIONS = (
					"DEBUG=1",
					"$(inherited)",
				);
				GCC_SYMBOLS_PRIVATE_EXTERN = NO;
				GCC_VERSION = com.apple.compilers.llvmgcc42;
				GCC_WARN_ABOUT_MISSING_PROTOTYPES = YES;
				GCC_WARN_ABOUT_RETURN_TYPE = YES;
				GCC_WARN_UNUSED_VARIABLE = YES;
				IPHONEOS_DEPLOYMENT_TARGET = 4.3;
				SDKROOT = iphoneos;
				TARGETED_DEVICE_FAMILY = 2;
			};
			name = Debug;
		};
		C077367A14D773710072B7B2 /* Release */ = {
			isa = XCBuildConfiguration;
			buildSettings = {
				ALWAYS_SEARCH_USER_PATHS = NO;
				ARCHS = "$(ARCHS_UNIVERSAL_IPHONE_OS)";
				"CODE_SIGN_IDENTITY[sdk=iphoneos*]" = "iPhone Developer";
				COPY_PHASE_STRIP = YES;
				GCC_C_LANGUAGE_STANDARD = gnu99;
				GCC_VERSION = com.apple.compilers.llvmgcc42;
				GCC_WARN_ABOUT_MISSING_PROTOTYPES = YES;
				GCC_WARN_ABOUT_RETURN_TYPE = YES;
				GCC_WARN_UNUSED_VARIABLE = YES;
				IPHONEOS_DEPLOYMENT_TARGET = 4.3;
				OTHER_CFLAGS = "-DNS_BLOCK_ASSERTIONS=1";
				SDKROOT = iphoneos;
				TARGETED_DEVICE_FAMILY = 2;
				VALIDATE_PRODUCT = YES;
			};
			name = Release;
		};
		C077367C14D773710072B7B2 /* Debug */ = {
			isa = XCBuildConfiguration;
			buildSettings = {
				GCC_PRECOMPILE_PREFIX_HEADER = YES;
				GCC_PREFIX_HEADER = "Button Fun/Button Fun-Prefix.pch";
				INFOPLIST_FILE = "Button Fun/Button Fun-Info.plist";
				PRODUCT_NAME = "$(TARGET_NAME)";
				WRAPPER_EXTENSION = app;
			};
			name = Debug;
		};
		C077367D14D773710072B7B2 /* Release */ = {
			isa = XCBuildConfiguration;
			buildSettings = {
				GCC_PRECOMPILE_PREFIX_HEADER = YES;
				GCC_PREFIX_HEADER = "Button Fun/Button Fun-Prefix.pch";
				INFOPLIST_FILE = "Button Fun/Button Fun-Info.plist";
				PRODUCT_NAME = "$(TARGET_NAME)";
				WRAPPER_EXTENSION = app;
			};
			name = Release;
		};
/* End XCBuildConfiguration section */

/* Begin XCConfigurationList section */
		C077365414D773710072B7B2 /* Build configuration list for PBXProject "Button Fun" */ = {
			isa = XCConfigurationList;
			buildConfigurations = (
				C077367914D773710072B7B2 /* Debug */,
				C077367A14D773710072B7B2 /* Release */,
			);
			defaultConfigurationIsVisible = 0;
			defaultConfigurationName = Release;
		};
		C077367B14D773710072B7B2 /* Build configuration list for PBXNativeTarget "Button Fun" */ = {
			isa = XCConfigurationList;
			buildConfigurations = (
				C077367C14D773710072B7B2 /* Debug */,
				C077367D14D773710072B7B2 /* Release */,
			);
			defaultConfigurationIsVisible = 0;
		};
/* End XCConfigurationList section */
	};
	rootObject = C077365114D773710072B7B2 /* Project object */;
}
